# This file was autogenerated by Stack.
# You should not edit this file by hand.
# For more information, please see the documentation at:
#   https://docs.haskellstack.org/en/stable/lock_files

packages: []
snapshots:
- completed:
    size: 532414
    url: https://raw.githubusercontent.com/commercialhaskell/stackage-snapshots/master/lts/16/22.yaml
    sha256: e483fb88549fc0f454c190979bf35ac91c7aceff2c0e71e7d8edd11842d772d8
  original: lts-16.22
